
Microsoft Visual Studio Solution File, Format Version 11.00
# Visual Studio 2010
Project("{FAE04EC0-301F-11D3-BF4B-00C04F79EFBC}") = "Assembly-CSharp", "Assembly-CSharp.csproj", "{239505bb-9e44-5d41-62c2-9eccdcba753d}"
EndProject
Project("{FAE04EC0-301F-11D3-BF4B-00C04F79EFBC}") = "Assembly-CSharp-Editor", "Assembly-CSharp-Editor.csproj", "{9f6f66ec-845f-1dec-e806-bba8269027f6}"
EndProject
Project("{FAE04EC0-301F-11D3-BF4B-00C04F79EFBC}") = "Assembly-CSharp-firstpass", "Assembly-CSharp-firstpass.csproj", "{3b90846a-7b50-ce00-317a-5c02aec0fdb5}"
EndProject
Global
	GlobalSection(SolutionConfigurationPlatforms) = preSolution
		Debug|Any CPU = Debug|Any CPU
	EndGlobalSection
	GlobalSection(ProjectConfigurationPlatforms) = postSolution
		{239505bb-9e44-5d41-62c2-9eccdcba753d}.Debug|Any CPU.ActiveCfg = Debug|Any CPU
		{239505bb-9e44-5d41-62c2-9eccdcba753d}.Debug|Any CPU.Build.0 = Debug|Any CPU
		{9f6f66ec-845f-1dec-e806-bba8269027f6}.Debug|Any CPU.ActiveCfg = Debug|Any CPU
		{9f6f66ec-845f-1dec-e806-bba8269027f6}.Debug|Any CPU.Build.0 = Debug|Any CPU
		{3b90846a-7b50-ce00-317a-5c02aec0fdb5}.Debug|Any CPU.ActiveCfg = Debug|Any CPU
		{3b90846a-7b50-ce00-317a-5c02aec0fdb5}.Debug|Any CPU.Build.0 = Debug|Any CPU
	EndGlobalSection
	GlobalSection(SolutionProperties) = preSolution
		HideSolutionNode = FALSE
	EndGlobalSection
EndGlobal
