
Microsoft Visual Studio Solution File, Format Version 11.00
# Visual Studio 2010
Project("{FAE04EC0-301F-11D3-BF4B-00C04F79EFBC}") = "Assembly-CSharp", "Assembly-CSharp.csproj", "{4000c8c4-8d5d-0cc7-c50c-59e0aa0808f8}"
EndProject
Project("{FAE04EC0-301F-11D3-BF4B-00C04F79EFBC}") = "Assembly-CSharp-Editor", "Assembly-CSharp-Editor.csproj", "{35359daf-31d1-8ebe-31b3-eed22130b17f}"
EndProject
Global
	GlobalSection(SolutionConfigurationPlatforms) = preSolution
		Debug|Any CPU = Debug|Any CPU
	EndGlobalSection
	GlobalSection(ProjectConfigurationPlatforms) = postSolution
		{4000c8c4-8d5d-0cc7-c50c-59e0aa0808f8}.Debug|Any CPU.ActiveCfg = Debug|Any CPU
		{4000c8c4-8d5d-0cc7-c50c-59e0aa0808f8}.Debug|Any CPU.Build.0 = Debug|Any CPU
		{35359daf-31d1-8ebe-31b3-eed22130b17f}.Debug|Any CPU.ActiveCfg = Debug|Any CPU
		{35359daf-31d1-8ebe-31b3-eed22130b17f}.Debug|Any CPU.Build.0 = Debug|Any CPU
	EndGlobalSection
	GlobalSection(SolutionProperties) = preSolution
		HideSolutionNode = FALSE
	EndGlobalSection
EndGlobal
